
Microsoft Visual Studio Solution File, Format Version 12.00
# Visual Studio Version 16
VisualStudioVersion = 16.0.31424.327
MinimumVisualStudioVersion = 10.0.40219.1
Project("{FAE04EC0-301F-11D3-BF4B-00C04F79EFBC}") = "md06_CadernoExercicios_02", "md06_CadernoExercicios_02.csproj", "{9F5029FC-D9E3-4234-9F32-06B4C5197E10}"
EndProject
Global
	GlobalSection(SolutionConfigurationPlatforms) = preSolution
		Debug|Any CPU = Debug|Any CPU
		Release|Any CPU = Release|Any CPU
	EndGlobalSection
	GlobalSection(ProjectConfigurationPlatforms) = postSolution
		{9F5029FC-D9E3-4234-9F32-06B4C5197E10}.Debug|Any CPU.ActiveCfg = Debug|Any CPU
		{9F5029FC-D9E3-4234-9F32-06B4C5197E10}.Debug|Any CPU.Build.0 = Debug|Any CPU
		{9F5029FC-D9E3-4234-9F32-06B4C5197E10}.Release|Any CPU.ActiveCfg = Release|Any CPU
		{9F5029FC-D9E3-4234-9F32-06B4C5197E10}.Release|Any CPU.Build.0 = Release|Any CPU
	EndGlobalSection
	GlobalSection(SolutionProperties) = preSolution
		HideSolutionNode = FALSE
	EndGlobalSection
	GlobalSection(ExtensibilityGlobals) = postSolution
		SolutionGuid = {CD34CA21-8E1A-4434-8401-D22B533F3584}
	EndGlobalSection
EndGlobal
